
Microsoft Visual Studio Solution File, Format Version 12.00
# Visual Studio Version 17
VisualStudioVersion = 17.3.32804.467
MinimumVisualStudioVersion = 10.0.40219.1
Project("{FAE04EC0-301F-11D3-BF4B-00C04F79EFBC}") = "csharpBank", "csharpBank\csharpBank.csproj", "{737A8368-1689-466D-A7C8-9A87B9658475}"
EndProject
Global
	GlobalSection(SolutionConfigurationPlatforms) = preSolution
		Debug|Any CPU = Debug|Any CPU
		Release|Any CPU = Release|Any CPU
	EndGlobalSection
	GlobalSection(ProjectConfigurationPlatforms) = postSolution
		{737A8368-1689-466D-A7C8-9A87B9658475}.Debug|Any CPU.ActiveCfg = Debug|Any CPU
		{737A8368-1689-466D-A7C8-9A87B9658475}.Debug|Any CPU.Build.0 = Debug|Any CPU
		{737A8368-1689-466D-A7C8-9A87B9658475}.Release|Any CPU.ActiveCfg = Release|Any CPU
		{737A8368-1689-466D-A7C8-9A87B9658475}.Release|Any CPU.Build.0 = Release|Any CPU
	EndGlobalSection
	GlobalSection(SolutionProperties) = preSolution
		HideSolutionNode = FALSE
	EndGlobalSection
	GlobalSection(ExtensibilityGlobals) = postSolution
		SolutionGuid = {7F6BF0FB-FF23-4860-9946-51AF224E4494}
	EndGlobalSection
EndGlobal
